// !$*UTF8*$!
{
	archiveVersion = 1;
	classes = {
	};
	objectVersion = 55;
	objects = {

/* Begin PBXBuildFile section */
		3A5A2E7439F725A8790AC029 /* Pods_CoppelTest.framework in Frameworks */ = {isa = PBXBuildFile; fileRef = 089E249D43032406491FE249 /* Pods_CoppelTest.framework */; };
		E9305BB92877475900BCE742 /* AppDelegate.swift in Sources */ = {isa = PBXBuildFile; fileRef = E9305BB82877475900BCE742 /* AppDelegate.swift */; };
		E9305BBB2877475900BCE742 /* SceneDelegate.swift in Sources */ = {isa = PBXBuildFile; fileRef = E9305BBA2877475900BCE742 /* SceneDelegate.swift */; };
		E9305BC22877475B00BCE742 /* Assets.xcassets in Resources */ = {isa = PBXBuildFile; fileRef = E9305BC12877475B00BCE742 /* Assets.xcassets */; };
		E9305BC52877475B00BCE742 /* LaunchScreen.storyboard in Resources */ = {isa = PBXBuildFile; fileRef = E9305BC32877475B00BCE742 /* LaunchScreen.storyboard */; };
		E9305BD428774B5100BCE742 /* LoginViewController.swift in Sources */ = {isa = PBXBuildFile; fileRef = E9305BD328774B5100BCE742 /* LoginViewController.swift */; };
		E9305BD72877552E00BCE742 /* CoppelTextField.swift in Sources */ = {isa = PBXBuildFile; fileRef = E9305BD62877552E00BCE742 /* CoppelTextField.swift */; };
		E9305BDA28777A4300BCE742 /* String+Extensions.swift in Sources */ = {isa = PBXBuildFile; fileRef = E9305BD928777A4300BCE742 /* String+Extensions.swift */; };
		E9305BDD28777D7C00BCE742 /* Service.swift in Sources */ = {isa = PBXBuildFile; fileRef = E9305BDC28777D7C00BCE742 /* Service.swift */; };
		E942183928778B1B00603650 /* Endpoints.swift in Sources */ = {isa = PBXBuildFile; fileRef = E942183828778B1B00603650 /* Endpoints.swift */; };
		E942183C287793E700603650 /* TMDBTokenResponse.swift in Sources */ = {isa = PBXBuildFile; fileRef = E942183B287793E700603650 /* TMDBTokenResponse.swift */; };
		E942183E2877946500603650 /* AppError.swift in Sources */ = {isa = PBXBuildFile; fileRef = E942183D2877946500603650 /* AppError.swift */; };
		E94218402877A9C000603650 /* AuthWebViewController.swift in Sources */ = {isa = PBXBuildFile; fileRef = E942183F2877A9C000603650 /* AuthWebViewController.swift */; };
		E94218422877B4C800603650 /* TMDBSessionResponse.swift in Sources */ = {isa = PBXBuildFile; fileRef = E94218412877B4C800603650 /* TMDBSessionResponse.swift */; };
		E94218442877C11400603650 /* View+Extensions.swift in Sources */ = {isa = PBXBuildFile; fileRef = E94218432877C11400603650 /* View+Extensions.swift */; };
		E942184A2877C99A00603650 /* LoginViewModel.swift in Sources */ = {isa = PBXBuildFile; fileRef = E94218492877C99A00603650 /* LoginViewModel.swift */; };
		E942184C2877CA0E00603650 /* User.swift in Sources */ = {isa = PBXBuildFile; fileRef = E942184B2877CA0E00603650 /* User.swift */; };
		E99D812028788D5500BCF4C0 /* CoppelCollectionView.swift in Sources */ = {isa = PBXBuildFile; fileRef = E99D811F28788D5500BCF4C0 /* CoppelCollectionView.swift */; };
		E99D8122287894F100BCF4C0 /* MovieViewModel.swift in Sources */ = {isa = PBXBuildFile; fileRef = E99D8121287894F100BCF4C0 /* MovieViewModel.swift */; };
		E99D8124287894F800BCF4C0 /* Movie.swift in Sources */ = {isa = PBXBuildFile; fileRef = E99D8123287894F800BCF4C0 /* Movie.swift */; };
		E99D81262878DE3100BCF4C0 /* TMDBConfiguration.swift in Sources */ = {isa = PBXBuildFile; fileRef = E99D81252878DE3100BCF4C0 /* TMDBConfiguration.swift */; };
		E99D81282878E20100BCF4C0 /* TMDBImageConfiguration.swift in Sources */ = {isa = PBXBuildFile; fileRef = E99D81272878E20100BCF4C0 /* TMDBImageConfiguration.swift */; };
		E99D812B2878E23000BCF4C0 /* TMDBPosterSize.swift in Sources */ = {isa = PBXBuildFile; fileRef = E99D812A2878E23000BCF4C0 /* TMDBPosterSize.swift */; };
		E9B530A32879DE2800311FC0 /* SessionManager.swift in Sources */ = {isa = PBXBuildFile; fileRef = E9B530A22879DE2800311FC0 /* SessionManager.swift */; };
		E9B530A5287A055300311FC0 /* Date+Extensions.swift in Sources */ = {isa = PBXBuildFile; fileRef = E9B530A4287A055300311FC0 /* Date+Extensions.swift */; };
		E9B530A8287A116900311FC0 /* MovieListType.swift in Sources */ = {isa = PBXBuildFile; fileRef = E9B530A7287A116900311FC0 /* MovieListType.swift */; };
		E9D5DDD32877DAC60084F1C7 /* MainViewController.swift in Sources */ = {isa = PBXBuildFile; fileRef = E9D5DDD22877DAC60084F1C7 /* MainViewController.swift */; };
		E9D5DDDB2877F6AB0084F1C7 /* MovieCollectionViewCell.swift in Sources */ = {isa = PBXBuildFile; fileRef = E9D5DDD92877F6AB0084F1C7 /* MovieCollectionViewCell.swift */; };
		E9D5DDDC2877F6AB0084F1C7 /* MovieCollectionViewCell.xib in Resources */ = {isa = PBXBuildFile; fileRef = E9D5DDDA2877F6AB0084F1C7 /* MovieCollectionViewCell.xib */; };
/* End PBXBuildFile section */

/* Begin PBXFileReference section */
		089E249D43032406491FE249 /* Pods_CoppelTest.framework */ = {isa = PBXFileReference; explicitFileType = wrapper.framework; includeInIndex = 0; path = Pods_CoppelTest.framework; sourceTree = BUILT_PRODUCTS_DIR; };
		5D2C9AC7606B71342634712D /* Pods-CoppelTest.debug.xcconfig */ = {isa = PBXFileReference; includeInIndex = 1; lastKnownFileType = text.xcconfig; name = "Pods-CoppelTest.debug.xcconfig"; path = "Target Support Files/Pods-CoppelTest/Pods-CoppelTest.debug.xcconfig"; sourceTree = "<group>"; };
		E9305BB52877475900BCE742 /* CoppelTest.app */ = {isa = PBXFileReference; explicitFileType = wrapper.application; includeInIndex = 0; path = CoppelTest.app; sourceTree = BUILT_PRODUCTS_DIR; };
		E9305BB82877475900BCE742 /* AppDelegate.swift */ = {isa = PBXFileReference; lastKnownFileType = sourcecode.swift; path = AppDelegate.swift; sourceTree = "<group>"; };
		E9305BBA2877475900BCE742 /* SceneDelegate.swift */ = {isa = PBXFileReference; lastKnownFileType = sourcecode.swift; path = SceneDelegate.swift; sourceTree = "<group>"; };
		E9305BC12877475B00BCE742 /* Assets.xcassets */ = {isa = PBXFileReference; lastKnownFileType = folder.assetcatalog; path = Assets.xcassets; sourceTree = "<group>"; };
		E9305BC42877475B00BCE742 /* Base */ = {isa = PBXFileReference; lastKnownFileType = file.storyboard; name = Base; path = Base.lproj/LaunchScreen.storyboard; sourceTree = "<group>"; };
		E9305BC62877475B00BCE742 /* Info.plist */ = {isa = PBXFileReference; lastKnownFileType = text.plist.xml; path = Info.plist; sourceTree = "<group>"; };
		E9305BD328774B5100BCE742 /* LoginViewController.swift */ = {isa = PBXFileReference; lastKnownFileType = sourcecode.swift; path = LoginViewController.swift; sourceTree = "<group>"; };
		E9305BD62877552E00BCE742 /* CoppelTextField.swift */ = {isa = PBXFileReference; lastKnownFileType = sourcecode.swift; path = CoppelTextField.swift; sourceTree = "<group>"; };
		E9305BD928777A4300BCE742 /* String+Extensions.swift */ = {isa = PBXFileReference; lastKnownFileType = sourcecode.swift; path = "String+Extensions.swift"; sourceTree = "<group>"; };
		E9305BDC28777D7C00BCE742 /* Service.swift */ = {isa = PBXFileReference; lastKnownFileType = sourcecode.swift; path = Service.swift; sourceTree = "<group>"; };
		E942183828778B1B00603650 /* Endpoints.swift */ = {isa = PBXFileReference; lastKnownFileType = sourcecode.swift; path = Endpoints.swift; sourceTree = "<group>"; };
		E942183B287793E700603650 /* TMDBTokenResponse.swift */ = {isa = PBXFileReference; lastKnownFileType = sourcecode.swift; path = TMDBTokenResponse.swift; sourceTree = "<group>"; };
		E942183D2877946500603650 /* AppError.swift */ = {isa = PBXFileReference; lastKnownFileType = sourcecode.swift; path = AppError.swift; sourceTree = "<group>"; };
		E942183F2877A9C000603650 /* AuthWebViewController.swift */ = {isa = PBXFileReference; lastKnownFileType = sourcecode.swift; path = AuthWebViewController.swift; sourceTree = "<group>"; };
		E94218412877B4C800603650 /* TMDBSessionResponse.swift */ = {isa = PBXFileReference; lastKnownFileType = sourcecode.swift; path = TMDBSessionResponse.swift; sourceTree = "<group>"; };
		E94218432877C11400603650 /* View+Extensions.swift */ = {isa = PBXFileReference; lastKnownFileType = sourcecode.swift; path = "View+Extensions.swift"; sourceTree = "<group>"; };
		E94218492877C99A00603650 /* LoginViewModel.swift */ = {isa = PBXFileReference; lastKnownFileType = sourcecode.swift; path = LoginViewModel.swift; sourceTree = "<group>"; };
		E942184B2877CA0E00603650 /* User.swift */ = {isa = PBXFileReference; lastKnownFileType = sourcecode.swift; path = User.swift; sourceTree = "<group>"; };
		E99D811F28788D5500BCF4C0 /* CoppelCollectionView.swift */ = {isa = PBXFileReference; lastKnownFileType = sourcecode.swift; path = CoppelCollectionView.swift; sourceTree = "<group>"; };
		E99D8121287894F100BCF4C0 /* MovieViewModel.swift */ = {isa = PBXFileReference; lastKnownFileType = sourcecode.swift; path = MovieViewModel.swift; sourceTree = "<group>"; };
		E99D8123287894F800BCF4C0 /* Movie.swift */ = {isa = PBXFileReference; lastKnownFileType = sourcecode.swift; path = Movie.swift; sourceTree = "<group>"; };
		E99D81252878DE3100BCF4C0 /* TMDBConfiguration.swift */ = {isa = PBXFileReference; lastKnownFileType = sourcecode.swift; path = TMDBConfiguration.swift; sourceTree = "<group>"; };
		E99D81272878E20100BCF4C0 /* TMDBImageConfiguration.swift */ = {isa = PBXFileReference; lastKnownFileType = sourcecode.swift; path = TMDBImageConfiguration.swift; sourceTree = "<group>"; };
		E99D812A2878E23000BCF4C0 /* TMDBPosterSize.swift */ = {isa = PBXFileReference; lastKnownFileType = sourcecode.swift; path = TMDBPosterSize.swift; sourceTree = "<group>"; };
		E9B530A22879DE2800311FC0 /* SessionManager.swift */ = {isa = PBXFileReference; lastKnownFileType = sourcecode.swift; path = SessionManager.swift; sourceTree = "<group>"; };
		E9B530A4287A055300311FC0 /* Date+Extensions.swift */ = {isa = PBXFileReference; lastKnownFileType = sourcecode.swift; path = "Date+Extensions.swift"; sourceTree = "<group>"; };
		E9B530A7287A116900311FC0 /* MovieListType.swift */ = {isa = PBXFileReference; lastKnownFileType = sourcecode.swift; path = MovieListType.swift; sourceTree = "<group>"; };
		E9D5DDD22877DAC60084F1C7 /* MainViewController.swift */ = {isa = PBXFileReference; lastKnownFileType = sourcecode.swift; path = MainViewController.swift; sourceTree = "<group>"; };
		E9D5DDD92877F6AB0084F1C7 /* MovieCollectionViewCell.swift */ = {isa = PBXFileReference; lastKnownFileType = sourcecode.swift; path = MovieCollectionViewCell.swift; sourceTree = "<group>"; };
		E9D5DDDA2877F6AB0084F1C7 /* MovieCollectionViewCell.xib */ = {isa = PBXFileReference; lastKnownFileType = file.xib; path = MovieCollectionViewCell.xib; sourceTree = "<group>"; };
		F577E3DE4181AAAF274554A9 /* Pods-CoppelTest.release.xcconfig */ = {isa = PBXFileReference; includeInIndex = 1; lastKnownFileType = text.xcconfig; name = "Pods-CoppelTest.release.xcconfig"; path = "Target Support Files/Pods-CoppelTest/Pods-CoppelTest.release.xcconfig"; sourceTree = "<group>"; };
/* End PBXFileReference section */

/* Begin PBXFrameworksBuildPhase section */
		E9305BB22877475900BCE742 /* Frameworks */ = {
			isa = PBXFrameworksBuildPhase;
			buildActionMask = 2147483647;
			files = (
				3A5A2E7439F725A8790AC029 /* Pods_CoppelTest.framework in Frameworks */,
			);
			runOnlyForDeploymentPostprocessing = 0;
		};
/* End PBXFrameworksBuildPhase section */

/* Begin PBXGroup section */
		CDA0CBCD44B32E54282DB487 /* Frameworks */ = {
			isa = PBXGroup;
			children = (
				089E249D43032406491FE249 /* Pods_CoppelTest.framework */,
			);
			name = Frameworks;
			sourceTree = "<group>";
		};
		E9305BAC2877475900BCE742 = {
			isa = PBXGroup;
			children = (
				E9305BB72877475900BCE742 /* CoppelTest */,
				E9305BB62877475900BCE742 /* Products */,
				F16E92902B185C2926EA36E1 /* Pods */,
				CDA0CBCD44B32E54282DB487 /* Frameworks */,
			);
			sourceTree = "<group>";
		};
		E9305BB62877475900BCE742 /* Products */ = {
			isa = PBXGroup;
			children = (
				E9305BB52877475900BCE742 /* CoppelTest.app */,
			);
			name = Products;
			sourceTree = "<group>";
		};
		E9305BB72877475900BCE742 /* CoppelTest */ = {
			isa = PBXGroup;
			children = (
				E9B530A12879DE1A00311FC0 /* Managers */,
				E9305BDB28777D6B00BCE742 /* Service */,
				E9305BD828777A3300BCE742 /* Extensions */,
				E9305BD52877551C00BCE742 /* CustomElements */,
				E9305BD028774B1F00BCE742 /* Assets */,
				E9305BCF28774B0700BCE742 /* Delegate */,
				E9305BCE28774AFD00BCE742 /* ViewModels */,
				E9305BCD28774AF700BCE742 /* Models */,
				E9D5DDD12877DAB40084F1C7 /* Views */,
				E9305BCC28774AEF00BCE742 /* ViewControllers */,
				E9305BC32877475B00BCE742 /* LaunchScreen.storyboard */,
				E9305BC62877475B00BCE742 /* Info.plist */,
			);
			path = CoppelTest;
			sourceTree = "<group>";
		};
		E9305BCC28774AEF00BCE742 /* ViewControllers */ = {
			isa = PBXGroup;
			children = (
				E9D5DDD02877DA8C0084F1C7 /* Main */,
				E9305BD228774B3A00BCE742 /* Login */,
			);
			path = ViewControllers;
			sourceTree = "<group>";
		};
		E9305BCD28774AF700BCE742 /* Models */ = {
			isa = PBXGroup;
			children = (
				E942184B2877CA0E00603650 /* User.swift */,
				E99D8123287894F800BCF4C0 /* Movie.swift */,
			);
			path = Models;
			sourceTree = "<group>";
		};
		E9305BCE28774AFD00BCE742 /* ViewModels */ = {
			isa = PBXGroup;
			children = (
				E94218492877C99A00603650 /* LoginViewModel.swift */,
				E99D8121287894F100BCF4C0 /* MovieViewModel.swift */,
			);
			path = ViewModels;
			sourceTree = "<group>";
		};
		E9305BCF28774B0700BCE742 /* Delegate */ = {
			isa = PBXGroup;
			children = (
				E9305BB82877475900BCE742 /* AppDelegate.swift */,
				E9305BBA2877475900BCE742 /* SceneDelegate.swift */,
			);
			path = Delegate;
			sourceTree = "<group>";
		};
		E9305BD028774B1F00BCE742 /* Assets */ = {
			isa = PBXGroup;
			children = (
				E9305BC12877475B00BCE742 /* Assets.xcassets */,
			);
			path = Assets;
			sourceTree = "<group>";
		};
		E9305BD228774B3A00BCE742 /* Login */ = {
			isa = PBXGroup;
			children = (
				E9305BD328774B5100BCE742 /* LoginViewController.swift */,
				E942183F2877A9C000603650 /* AuthWebViewController.swift */,
			);
			path = Login;
			sourceTree = "<group>";
		};
		E9305BD52877551C00BCE742 /* CustomElements */ = {
			isa = PBXGroup;
			children = (
				E9305BD62877552E00BCE742 /* CoppelTextField.swift */,
				E99D811F28788D5500BCF4C0 /* CoppelCollectionView.swift */,
			);
			path = CustomElements;
			sourceTree = "<group>";
		};
		E9305BD828777A3300BCE742 /* Extensions */ = {
			isa = PBXGroup;
			children = (
				E9305BD928777A4300BCE742 /* String+Extensions.swift */,
				E94218432877C11400603650 /* View+Extensions.swift */,
				E9B530A4287A055300311FC0 /* Date+Extensions.swift */,
			);
			path = Extensions;
			sourceTree = "<group>";
		};
		E9305BDB28777D6B00BCE742 /* Service */ = {
			isa = PBXGroup;
			children = (
				E99D81292878E21F00BCF4C0 /* Enum */,
				E942183A287793CC00603650 /* Model */,
				E9305BDC28777D7C00BCE742 /* Service.swift */,
			);
			name = Service;
			sourceTree = "<group>";
		};
		E942183A287793CC00603650 /* Model */ = {
			isa = PBXGroup;
			children = (
				E94218412877B4C800603650 /* TMDBSessionResponse.swift */,
				E942183B287793E700603650 /* TMDBTokenResponse.swift */,
				E99D81252878DE3100BCF4C0 /* TMDBConfiguration.swift */,
				E99D81272878E20100BCF4C0 /* TMDBImageConfiguration.swift */,
			);
			name = Model;
			sourceTree = "<group>";
		};
		E99D81292878E21F00BCF4C0 /* Enum */ = {
			isa = PBXGroup;
			children = (
				E942183828778B1B00603650 /* Endpoints.swift */,
				E942183D2877946500603650 /* AppError.swift */,
				E99D812A2878E23000BCF4C0 /* TMDBPosterSize.swift */,
			);
			name = Enum;
			sourceTree = "<group>";
		};
		E9B530A12879DE1A00311FC0 /* Managers */ = {
			isa = PBXGroup;
			children = (
				E9B530A22879DE2800311FC0 /* SessionManager.swift */,
			);
			path = Managers;
			sourceTree = "<group>";
		};
		E9B530A6287A115400311FC0 /* Enum */ = {
			isa = PBXGroup;
			children = (
				E9B530A7287A116900311FC0 /* MovieListType.swift */,
			);
			path = Enum;
			sourceTree = "<group>";
		};
		E9D5DDD02877DA8C0084F1C7 /* Main */ = {
			isa = PBXGroup;
			children = (
				E9B530A6287A115400311FC0 /* Enum */,
				E9D5DDD22877DAC60084F1C7 /* MainViewController.swift */,
			);
			path = Main;
			sourceTree = "<group>";
		};
		E9D5DDD12877DAB40084F1C7 /* Views */ = {
			isa = PBXGroup;
			children = (
				E9D5DDD62877F6850084F1C7 /* MovieCell */,
			);
			path = Views;
			sourceTree = "<group>";
		};
		E9D5DDD62877F6850084F1C7 /* MovieCell */ = {
			isa = PBXGroup;
			children = (
				E9D5DDD92877F6AB0084F1C7 /* MovieCollectionViewCell.swift */,
				E9D5DDDA2877F6AB0084F1C7 /* MovieCollectionViewCell.xib */,
			);
			path = MovieCell;
			sourceTree = "<group>";
		};
		F16E92902B185C2926EA36E1 /* Pods */ = {
			isa = PBXGroup;
			children = (
				5D2C9AC7606B71342634712D /* Pods-CoppelTest.debug.xcconfig */,
				F577E3DE4181AAAF274554A9 /* Pods-CoppelTest.release.xcconfig */,
			);
			path = Pods;
			sourceTree = "<group>";
		};
/* End PBXGroup section */

/* Begin PBXNativeTarget section */
		E9305BB42877475900BCE742 /* CoppelTest */ = {
			isa = PBXNativeTarget;
			buildConfigurationList = E9305BC92877475B00BCE742 /* Build configuration list for PBXNativeTarget "CoppelTest" */;
			buildPhases = (
				E9BD045342E98AB963228EFE /* [CP] Check Pods Manifest.lock */,
				E9305BB12877475900BCE742 /* Sources */,
				E9305BB22877475900BCE742 /* Frameworks */,
				E9305BB32877475900BCE742 /* Resources */,
				8DDF1C149F3865A2365CC9AB /* [CP] Embed Pods Frameworks */,
			);
			buildRules = (
			);
			dependencies = (
			);
			name = CoppelTest;
			productName = CoppelTest;
			productReference = E9305BB52877475900BCE742 /* CoppelTest.app */;
			productType = "com.apple.product-type.application";
		};
/* End PBXNativeTarget section */

/* Begin PBXProject section */
		E9305BAD2877475900BCE742 /* Project object */ = {
			isa = PBXProject;
			attributes = {
				BuildIndependentTargetsInParallel = 1;
				LastSwiftUpdateCheck = 1340;
				LastUpgradeCheck = 1340;
				TargetAttributes = {
					E9305BB42877475900BCE742 = {
						CreatedOnToolsVersion = 13.4.1;
					};
				};
			};
			buildConfigurationList = E9305BB02877475900BCE742 /* Build configuration list for PBXProject "CoppelTest" */;
			compatibilityVersion = "Xcode 13.0";
			developmentRegion = en;
			hasScannedForEncodings = 0;
			knownRegions = (
				en,
				Base,
			);
			mainGroup = E9305BAC2877475900BCE742;
			productRefGroup = E9305BB62877475900BCE742 /* Products */;
			projectDirPath = "";
			projectRoot = "";
			targets = (
				E9305BB42877475900BCE742 /* CoppelTest */,
			);
		};
/* End PBXProject section */

/* Begin PBXResourcesBuildPhase section */
		E9305BB32877475900BCE742 /* Resources */ = {
			isa = PBXResourcesBuildPhase;
			buildActionMask = 2147483647;
			files = (
				E9305BC52877475B00BCE742 /* LaunchScreen.storyboard in Resources */,
				E9305BC22877475B00BCE742 /* Assets.xcassets in Resources */,
				E9D5DDDC2877F6AB0084F1C7 /* MovieCollectionViewCell.xib in Resources */,
			);
			runOnlyForDeploymentPostprocessing = 0;
		};
/* End PBXResourcesBuildPhase section */

/* Begin PBXShellScriptBuildPhase section */
		8DDF1C149F3865A2365CC9AB /* [CP] Embed Pods Frameworks */ = {
			isa = PBXShellScriptBuildPhase;
			buildActionMask = 2147483647;
			files = (
			);
			inputFileListPaths = (
				"${PODS_ROOT}/Target Support Files/Pods-CoppelTest/Pods-CoppelTest-frameworks-${CONFIGURATION}-input-files.xcfilelist",
			);
			name = "[CP] Embed Pods Frameworks";
			outputFileListPaths = (
				"${PODS_ROOT}/Target Support Files/Pods-CoppelTest/Pods-CoppelTest-frameworks-${CONFIGURATION}-output-files.xcfilelist",
			);
			runOnlyForDeploymentPostprocessing = 0;
			shellPath = /bin/sh;
			shellScript = "\"${PODS_ROOT}/Target Support Files/Pods-CoppelTest/Pods-CoppelTest-frameworks.sh\"\n";
			showEnvVarsInLog = 0;
		};
		E9BD045342E98AB963228EFE /* [CP] Check Pods Manifest.lock */ = {
			isa = PBXShellScriptBuildPhase;
			buildActionMask = 2147483647;
			files = (
			);
			inputFileListPaths = (
			);
			inputPaths = (
				"${PODS_PODFILE_DIR_PATH}/Podfile.lock",
				"${PODS_ROOT}/Manifest.lock",
			);
			name = "[CP] Check Pods Manifest.lock";
			outputFileListPaths = (
			);
			outputPaths = (
				"$(DERIVED_FILE_DIR)/Pods-CoppelTest-checkManifestLockResult.txt",
			);
			runOnlyForDeploymentPostprocessing = 0;
			shellPath = /bin/sh;
			shellScript = "diff \"${PODS_PODFILE_DIR_PATH}/Podfile.lock\" \"${PODS_ROOT}/Manifest.lock\" > /dev/null\nif [ $? != 0 ] ; then\n    # print error to STDERR\n    echo \"error: The sandbox is not in sync with the Podfile.lock. Run 'pod install' or update your CocoaPods installation.\" >&2\n    exit 1\nfi\n# This output is used by Xcode 'outputs' to avoid re-running this script phase.\necho \"SUCCESS\" > \"${SCRIPT_OUTPUT_FILE_0}\"\n";
			showEnvVarsInLog = 0;
		};
/* End PBXShellScriptBuildPhase section */

/* Begin PBXSourcesBuildPhase section */
		E9305BB12877475900BCE742 /* Sources */ = {
			isa = PBXSourcesBuildPhase;
			buildActionMask = 2147483647;
			files = (
				E9305BDA28777A4300BCE742 /* String+Extensions.swift in Sources */,
				E94218402877A9C000603650 /* AuthWebViewController.swift in Sources */,
				E9305BD72877552E00BCE742 /* CoppelTextField.swift in Sources */,
				E9B530A32879DE2800311FC0 /* SessionManager.swift in Sources */,
				E99D812B2878E23000BCF4C0 /* TMDBPosterSize.swift in Sources */,
				E942183E2877946500603650 /* AppError.swift in Sources */,
				E94218422877B4C800603650 /* TMDBSessionResponse.swift in Sources */,
				E99D812028788D5500BCF4C0 /* CoppelCollectionView.swift in Sources */,
				E942184A2877C99A00603650 /* LoginViewModel.swift in Sources */,
				E9D5DDD32877DAC60084F1C7 /* MainViewController.swift in Sources */,
				E9305BD428774B5100BCE742 /* LoginViewController.swift in Sources */,
				E99D8122287894F100BCF4C0 /* MovieViewModel.swift in Sources */,
				E942184C2877CA0E00603650 /* User.swift in Sources */,
				E9B530A5287A055300311FC0 /* Date+Extensions.swift in Sources */,
				E942183928778B1B00603650 /* Endpoints.swift in Sources */,
				E99D81282878E20100BCF4C0 /* TMDBImageConfiguration.swift in Sources */,
				E9305BB92877475900BCE742 /* AppDelegate.swift in Sources */,
				E9305BBB2877475900BCE742 /* SceneDelegate.swift in Sources */,
				E942183C287793E700603650 /* TMDBTokenResponse.swift in Sources */,
				E9D5DDDB2877F6AB0084F1C7 /* MovieCollectionViewCell.swift in Sources */,
				E94218442877C11400603650 /* View+Extensions.swift in Sources */,
				E9305BDD28777D7C00BCE742 /* Service.swift in Sources */,
				E99D8124287894F800BCF4C0 /* Movie.swift in Sources */,
				E9B530A8287A116900311FC0 /* MovieListType.swift in Sources */,
				E99D81262878DE3100BCF4C0 /* TMDBConfiguration.swift in Sources */,
			);
			runOnlyForDeploymentPostprocessing = 0;
		};
/* End PBXSourcesBuildPhase section */

/* Begin PBXVariantGroup section */
		E9305BC32877475B00BCE742 /* LaunchScreen.storyboard */ = {
			isa = PBXVariantGroup;
			children = (
				E9305BC42877475B00BCE742 /* Base */,
			);
			name = LaunchScreen.storyboard;
			sourceTree = "<group>";
		};
/* End PBXVariantGroup section */

/* Begin XCBuildConfiguration section */
		E9305BC72877475B00BCE742 /* Debug */ = {
			isa = XCBuildConfiguration;
			buildSettings = {
				ALWAYS_SEARCH_USER_PATHS = NO;
				CLANG_ANALYZER_NONNULL = YES;
				CLANG_ANALYZER_NUMBER_OBJECT_CONVERSION = YES_AGGRESSIVE;
				CLANG_CXX_LANGUAGE_STANDARD = "gnu++17";
				CLANG_ENABLE_MODULES = YES;
				CLANG_ENABLE_OBJC_ARC = YES;
				CLANG_ENABLE_OBJC_WEAK = YES;
				CLANG_WARN_BLOCK_CAPTURE_AUTORELEASING = YES;
				CLANG_WARN_BOOL_CONVERSION = YES;
				CLANG_WARN_COMMA = YES;
				CLANG_WARN_CONSTANT_CONVERSION = YES;
				CLANG_WARN_DEPRECATED_OBJC_IMPLEMENTATIONS = YES;
				CLANG_WARN_DIRECT_OBJC_ISA_USAGE = YES_ERROR;
				CLANG_WARN_DOCUMENTATION_COMMENTS = YES;
				CLANG_WARN_EMPTY_BODY = YES;
				CLANG_WARN_ENUM_CONVERSION = YES;
				CLANG_WARN_INFINITE_RECURSION = YES;
				CLANG_WARN_INT_CONVERSION = YES;
				CLANG_WARN_NON_LITERAL_NULL_CONVERSION = YES;
				CLANG_WARN_OBJC_IMPLICIT_RETAIN_SELF = YES;
				CLANG_WARN_OBJC_LITERAL_CONVERSION = YES;
				CLANG_WARN_OBJC_ROOT_CLASS = YES_ERROR;
				CLANG_WARN_QUOTED_INCLUDE_IN_FRAMEWORK_HEADER = YES;
				CLANG_WARN_RANGE_LOOP_ANALYSIS = YES;
				CLANG_WARN_STRICT_PROTOTYPES = YES;
				CLANG_WARN_SUSPICIOUS_MOVE = YES;
				CLANG_WARN_UNGUARDED_AVAILABILITY = YES_AGGRESSIVE;
				CLANG_WARN_UNREACHABLE_CODE = YES;
				CLANG_WARN__DUPLICATE_METHOD_MATCH = YES;
				COPY_PHASE_STRIP = NO;
				DEBUG_INFORMATION_FORMAT = dwarf;
				ENABLE_STRICT_OBJC_MSGSEND = YES;
				ENABLE_TESTABILITY = YES;
				GCC_C_LANGUAGE_STANDARD = gnu11;
				GCC_DYNAMIC_NO_PIC = NO;
				GCC_NO_COMMON_BLOCKS = YES;
				GCC_OPTIMIZATION_LEVEL = 0;
				GCC_PREPROCESSOR_DEFINITIONS = (
					"DEBUG=1",
					"$(inherited)",
				);
				GCC_WARN_64_TO_32_BIT_CONVERSION = YES;
				GCC_WARN_ABOUT_RETURN_TYPE = YES_ERROR;
				GCC_WARN_UNDECLARED_SELECTOR = YES;
				GCC_WARN_UNINITIALIZED_AUTOS = YES_AGGRESSIVE;
				GCC_WARN_UNUSED_FUNCTION = YES;
				GCC_WARN_UNUSED_VARIABLE = YES;
				IPHONEOS_DEPLOYMENT_TARGET = 15.5;
				MTL_ENABLE_DEBUG_INFO = INCLUDE_SOURCE;
				MTL_FAST_MATH = YES;
				ONLY_ACTIVE_ARCH = YES;
				SDKROOT = iphoneos;
				SWIFT_ACTIVE_COMPILATION_CONDITIONS = DEBUG;
				SWIFT_OPTIMIZATION_LEVEL = "-Onone";
			};
			name = Debug;
		};
		E9305BC82877475B00BCE742 /* Release */ = {
			isa = XCBuildConfiguration;
			buildSettings = {
				ALWAYS_SEARCH_USER_PATHS = NO;
				CLANG_ANALYZER_NONNULL = YES;
				CLANG_ANALYZER_NUMBER_OBJECT_CONVERSION = YES_AGGRESSIVE;
				CLANG_CXX_LANGUAGE_STANDARD = "gnu++17";
				CLANG_ENABLE_MODULES = YES;
				CLANG_ENABLE_OBJC_ARC = YES;
				CLANG_ENABLE_OBJC_WEAK = YES;
				CLANG_WARN_BLOCK_CAPTURE_AUTORELEASING = YES;
				CLANG_WARN_BOOL_CONVERSION = YES;
				CLANG_WARN_COMMA = YES;
				CLANG_WARN_CONSTANT_CONVERSION = YES;
				CLANG_WARN_DEPRECATED_OBJC_IMPLEMENTATIONS = YES;
				CLANG_WARN_DIRECT_OBJC_ISA_USAGE = YES_ERROR;
				CLANG_WARN_DOCUMENTATION_COMMENTS = YES;
				CLANG_WARN_EMPTY_BODY = YES;
				CLANG_WARN_ENUM_CONVERSION = YES;
				CLANG_WARN_INFINITE_RECURSION = YES;
				CLANG_WARN_INT_CONVERSION = YES;
				CLANG_WARN_NON_LITERAL_NULL_CONVERSION = YES;
				CLANG_WARN_OBJC_IMPLICIT_RETAIN_SELF = YES;
				CLANG_WARN_OBJC_LITERAL_CONVERSION = YES;
				CLANG_WARN_OBJC_ROOT_CLASS = YES_ERROR;
				CLANG_WARN_QUOTED_INCLUDE_IN_FRAMEWORK_HEADER = YES;
				CLANG_WARN_RANGE_LOOP_ANALYSIS = YES;
				CLANG_WARN_STRICT_PROTOTYPES = YES;
				CLANG_WARN_SUSPICIOUS_MOVE = YES;
				CLANG_WARN_UNGUARDED_AVAILABILITY = YES_AGGRESSIVE;
				CLANG_WARN_UNREACHABLE_CODE = YES;
				CLANG_WARN__DUPLICATE_METHOD_MATCH = YES;
				COPY_PHASE_STRIP = NO;
				DEBUG_INFORMATION_FORMAT = "dwarf-with-dsym";
				ENABLE_NS_ASSERTIONS = NO;
				ENABLE_STRICT_OBJC_MSGSEND = YES;
				GCC_C_LANGUAGE_STANDARD = gnu11;
				GCC_NO_COMMON_BLOCKS = YES;
				GCC_WARN_64_TO_32_BIT_CONVERSION = YES;
				GCC_WARN_ABOUT_RETURN_TYPE = YES_ERROR;
				GCC_WARN_UNDECLARED_SELECTOR = YES;
				GCC_WARN_UNINITIALIZED_AUTOS = YES_AGGRESSIVE;
				GCC_WARN_UNUSED_FUNCTION = YES;
				GCC_WARN_UNUSED_VARIABLE = YES;
				IPHONEOS_DEPLOYMENT_TARGET = 15.5;
				MTL_ENABLE_DEBUG_INFO = NO;
				MTL_FAST_MATH = YES;
				SDKROOT = iphoneos;
				SWIFT_COMPILATION_MODE = wholemodule;
				SWIFT_OPTIMIZATION_LEVEL = "-O";
				VALIDATE_PRODUCT = YES;
			};
			name = Release;
		};
		E9305BCA2877475B00BCE742 /* Debug */ = {
			isa = XCBuildConfiguration;
			baseConfigurationReference = 5D2C9AC7606B71342634712D /* Pods-CoppelTest.debug.xcconfig */;
			buildSettings = {
				ASSETCATALOG_COMPILER_APPICON_NAME = AppIcon;
				ASSETCATALOG_COMPILER_GLOBAL_ACCENT_COLOR_NAME = AccentColor;
				CODE_SIGN_STYLE = Automatic;
				CURRENT_PROJECT_VERSION = 1;
				DEVELOPMENT_TEAM = 24LTU83V46;
				GENERATE_INFOPLIST_FILE = YES;
				INFOPLIST_FILE = CoppelTest/Info.plist;
				INFOPLIST_KEY_UIApplicationSupportsIndirectInputEvents = YES;
				INFOPLIST_KEY_UILaunchStoryboardName = LaunchScreen;
				INFOPLIST_KEY_UISupportedInterfaceOrientations_iPad = "UIInterfaceOrientationPortrait UIInterfaceOrientationPortraitUpsideDown UIInterfaceOrientationLandscapeLeft UIInterfaceOrientationLandscapeRight";
				INFOPLIST_KEY_UISupportedInterfaceOrientations_iPhone = "UIInterfaceOrientationPortrait UIInterfaceOrientationLandscapeLeft UIInterfaceOrientationLandscapeRight";
				LD_RUNPATH_SEARCH_PATHS = (
					"$(inherited)",
					"@executable_path/Frameworks",
				);
				MARKETING_VERSION = 1.0;
				PRODUCT_BUNDLE_IDENTIFIER = com.rogelio.CoppelTest;
				PRODUCT_NAME = "$(TARGET_NAME)";
				SWIFT_EMIT_LOC_STRINGS = YES;
				SWIFT_VERSION = 5.0;
				TARGETED_DEVICE_FAMILY = "1,2";
			};
			name = Debug;
		};
		E9305BCB2877475B00BCE742 /* Release */ = {
			isa = XCBuildConfiguration;
			baseConfigurationReference = F577E3DE4181AAAF274554A9 /* Pods-CoppelTest.release.xcconfig */;
			buildSettings = {
				ASSETCATALOG_COMPILER_APPICON_NAME = AppIcon;
				ASSETCATALOG_COMPILER_GLOBAL_ACCENT_COLOR_NAME = AccentColor;
				CODE_SIGN_STYLE = Automatic;
				CURRENT_PROJECT_VERSION = 1;
				DEVELOPMENT_TEAM = 24LTU83V46;
				GENERATE_INFOPLIST_FILE = YES;
				INFOPLIST_FILE = CoppelTest/Info.plist;
				INFOPLIST_KEY_UIApplicationSupportsIndirectInputEvents = YES;
				INFOPLIST_KEY_UILaunchStoryboardName = LaunchScreen;
				INFOPLIST_KEY_UISupportedInterfaceOrientations_iPad = "UIInterfaceOrientationPortrait UIInterfaceOrientationPortraitUpsideDown UIInterfaceOrientationLandscapeLeft UIInterfaceOrientationLandscapeRight";
				INFOPLIST_KEY_UISupportedInterfaceOrientations_iPhone = "UIInterfaceOrientationPortrait UIInterfaceOrientationLandscapeLeft UIInterfaceOrientationLandscapeRight";
				LD_RUNPATH_SEARCH_PATHS = (
					"$(inherited)",
					"@executable_path/Frameworks",
				);
				MARKETING_VERSION = 1.0;
				PRODUCT_BUNDLE_IDENTIFIER = com.rogelio.CoppelTest;
				PRODUCT_NAME = "$(TARGET_NAME)";
				SWIFT_EMIT_LOC_STRINGS = YES;
				SWIFT_VERSION = 5.0;
				TARGETED_DEVICE_FAMILY = "1,2";
			};
			name = Release;
		};
/* End XCBuildConfiguration section */

/* Begin XCConfigurationList section */
		E9305BB02877475900BCE742 /* Build configuration list for PBXProject "CoppelTest" */ = {
			isa = XCConfigurationList;
			buildConfigurations = (
				E9305BC72877475B00BCE742 /* Debug */,
				E9305BC82877475B00BCE742 /* Release */,
			);
			defaultConfigurationIsVisible = 0;
			defaultConfigurationName = Release;
		};
		E9305BC92877475B00BCE742 /* Build configuration list for PBXNativeTarget "CoppelTest" */ = {
			isa = XCConfigurationList;
			buildConfigurations = (
				E9305BCA2877475B00BCE742 /* Debug */,
				E9305BCB2877475B00BCE742 /* Release */,
			);
			defaultConfigurationIsVisible = 0;
			defaultConfigurationName = Release;
		};
/* End XCConfigurationList section */
	};
	rootObject = E9305BAD2877475900BCE742 /* Project object */;
}
